
Microsoft Visual Studio Solution File, Format Version 12.00
# Visual Studio Version 17
Project("{2150E333-8FDC-42A3-9474-1A3956D46DE8}") = "CMakePredefinedTargets", "CMakePredefinedTargets", "{658EF98D-F783-3D8D-9367-3C4727C8A45B}"
EndProject
Project("{2150E333-8FDC-42A3-9474-1A3956D46DE8}") = "External", "External", "{F85C27CF-6109-3D00-A12A-B5A380CB48D7}"
EndProject
Project("{2150E333-8FDC-42A3-9474-1A3956D46DE8}") = "Internal", "Internal", "{BB6417F3-E5C6-32BF-A08C-200944A7EB09}"
EndProject
Project("{2150E333-8FDC-42A3-9474-1A3956D46DE8}") = "Utils", "Utils", "{6D159DCB-492F-356B-8C16-C0355E1D8639}"
EndProject
Project("{8BC9CEB8-8B4A-11D0-8D11-00A0C91BC942}") = "ALL_BUILD", "ALL_BUILD.vcxproj", "{0B05EC04-4708-3C53-AF49-461CB3686A3C}"
	ProjectSection(ProjectDependencies) = postProject
		{6EAD3D58-02F4-3E47-9860-3F02A16DE323} = {6EAD3D58-02F4-3E47-9860-3F02A16DE323}
		{7EF1FF57-158D-309E-A8F7-6E372B2D29A0} = {7EF1FF57-158D-309E-A8F7-6E372B2D29A0}
		{CDAD072B-6865-3848-8520-2B4FCC10119F} = {CDAD072B-6865-3848-8520-2B4FCC10119F}
		{02410004-7859-3B85-AE58-B812082C2F01} = {02410004-7859-3B85-AE58-B812082C2F01}
		{9D46408B-3FEC-306C-89F3-74553E47EF4D} = {9D46408B-3FEC-306C-89F3-74553E47EF4D}
		{639AA751-854B-3F16-B1C0-6C9334DE908D} = {639AA751-854B-3F16-B1C0-6C9334DE908D}
		{D63D3563-5C7B-3D8C-B27C-D8262EB90966} = {D63D3563-5C7B-3D8C-B27C-D8262EB90966}
		{BD2A9B0A-CC4A-3BC6-9BF2-F594365D9716} = {BD2A9B0A-CC4A-3BC6-9BF2-F594365D9716}
		{4AF97C8F-CE79-33D5-B5AD-EDE34595F90C} = {4AF97C8F-CE79-33D5-B5AD-EDE34595F90C}
		{3FE59C87-D199-3E22-AF43-636FEA03BC9C} = {3FE59C87-D199-3E22-AF43-636FEA03BC9C}
		{000B0EDA-D2F5-3E33-BCCD-D123D3E42A82} = {000B0EDA-D2F5-3E33-BCCD-D123D3E42A82}
		{9E6A9CA6-DD9C-36D8-A6CF-A64E41B424A5} = {9E6A9CA6-DD9C-36D8-A6CF-A64E41B424A5}
		{69CA8C7E-84E3-3593-87A9-79B9344BD401} = {69CA8C7E-84E3-3593-87A9-79B9344BD401}
		{D005879F-FFE8-3101-8833-F9E70D11FD82} = {D005879F-FFE8-3101-8833-F9E70D11FD82}
		{F7CB0292-B28F-31EC-B411-53CD6AACED49} = {F7CB0292-B28F-31EC-B411-53CD6AACED49}
	EndProjectSection
EndProject
Project("{8BC9CEB8-8B4A-11D0-8D11-00A0C91BC942}") = "SYNC_RESOURCE-scroller", "SYNC_RESOURCE-scroller.vcxproj", "{6EAD3D58-02F4-3E47-9860-3F02A16DE323}"
	ProjectSection(ProjectDependencies) = postProject
		{7EF1FF57-158D-309E-A8F7-6E372B2D29A0} = {7EF1FF57-158D-309E-A8F7-6E372B2D29A0}
	EndProjectSection
EndProject
Project("{8BC9CEB8-8B4A-11D0-8D11-00A0C91BC942}") = "ZERO_CHECK", "ZERO_CHECK.vcxproj", "{7EF1FF57-158D-309E-A8F7-6E372B2D29A0}"
	ProjectSection(ProjectDependencies) = postProject
	EndProjectSection
EndProject
Project("{8BC9CEB8-8B4A-11D0-8D11-00A0C91BC942}") = "cocos2d", "engine\cocos\core\cocos2d.vcxproj", "{CDAD072B-6865-3848-8520-2B4FCC10119F}"
	ProjectSection(ProjectDependencies) = postProject
		{7EF1FF57-158D-309E-A8F7-6E372B2D29A0} = {7EF1FF57-158D-309E-A8F7-6E372B2D29A0}
		{02410004-7859-3B85-AE58-B812082C2F01} = {02410004-7859-3B85-AE58-B812082C2F01}
		{9D46408B-3FEC-306C-89F3-74553E47EF4D} = {9D46408B-3FEC-306C-89F3-74553E47EF4D}
		{639AA751-854B-3F16-B1C0-6C9334DE908D} = {639AA751-854B-3F16-B1C0-6C9334DE908D}
		{D63D3563-5C7B-3D8C-B27C-D8262EB90966} = {D63D3563-5C7B-3D8C-B27C-D8262EB90966}
		{BD2A9B0A-CC4A-3BC6-9BF2-F594365D9716} = {BD2A9B0A-CC4A-3BC6-9BF2-F594365D9716}
		{4AF97C8F-CE79-33D5-B5AD-EDE34595F90C} = {4AF97C8F-CE79-33D5-B5AD-EDE34595F90C}
		{3FE59C87-D199-3E22-AF43-636FEA03BC9C} = {3FE59C87-D199-3E22-AF43-636FEA03BC9C}
		{000B0EDA-D2F5-3E33-BCCD-D123D3E42A82} = {000B0EDA-D2F5-3E33-BCCD-D123D3E42A82}
		{9E6A9CA6-DD9C-36D8-A6CF-A64E41B424A5} = {9E6A9CA6-DD9C-36D8-A6CF-A64E41B424A5}
		{69CA8C7E-84E3-3593-87A9-79B9344BD401} = {69CA8C7E-84E3-3593-87A9-79B9344BD401}
		{D005879F-FFE8-3101-8833-F9E70D11FD82} = {D005879F-FFE8-3101-8833-F9E70D11FD82}
	EndProjectSection
EndProject
Project("{8BC9CEB8-8B4A-11D0-8D11-00A0C91BC942}") = "ext_clipper", "engine\external\clipper\ext_clipper.vcxproj", "{02410004-7859-3B85-AE58-B812082C2F01}"
	ProjectSection(ProjectDependencies) = postProject
		{7EF1FF57-158D-309E-A8F7-6E372B2D29A0} = {7EF1FF57-158D-309E-A8F7-6E372B2D29A0}
	EndProjectSection
EndProject
Project("{8BC9CEB8-8B4A-11D0-8D11-00A0C91BC942}") = "ext_convertUTF", "engine\external\ConvertUTF\ext_convertUTF.vcxproj", "{9D46408B-3FEC-306C-89F3-74553E47EF4D}"
	ProjectSection(ProjectDependencies) = postProject
		{7EF1FF57-158D-309E-A8F7-6E372B2D29A0} = {7EF1FF57-158D-309E-A8F7-6E372B2D29A0}
	EndProjectSection
EndProject
Project("{8BC9CEB8-8B4A-11D0-8D11-00A0C91BC942}") = "ext_edtaa3func", "engine\external\edtaa3func\ext_edtaa3func.vcxproj", "{639AA751-854B-3F16-B1C0-6C9334DE908D}"
	ProjectSection(ProjectDependencies) = postProject
		{7EF1FF57-158D-309E-A8F7-6E372B2D29A0} = {7EF1FF57-158D-309E-A8F7-6E372B2D29A0}
	EndProjectSection
EndProject
Project("{8BC9CEB8-8B4A-11D0-8D11-00A0C91BC942}") = "ext_md5", "engine\external\md5\ext_md5.vcxproj", "{D63D3563-5C7B-3D8C-B27C-D8262EB90966}"
	ProjectSection(ProjectDependencies) = postProject
		{7EF1FF57-158D-309E-A8F7-6E372B2D29A0} = {7EF1FF57-158D-309E-A8F7-6E372B2D29A0}
	EndProjectSection
EndProject
Project("{8BC9CEB8-8B4A-11D0-8D11-00A0C91BC942}") = "ext_poly2tri", "engine\external\poly2tri\ext_poly2tri.vcxproj", "{BD2A9B0A-CC4A-3BC6-9BF2-F594365D9716}"
	ProjectSection(ProjectDependencies) = postProject
		{7EF1FF57-158D-309E-A8F7-6E372B2D29A0} = {7EF1FF57-158D-309E-A8F7-6E372B2D29A0}
	EndProjectSection
EndProject
Project("{8BC9CEB8-8B4A-11D0-8D11-00A0C91BC942}") = "ext_recast", "engine\external\recast\ext_recast.vcxproj", "{4AF97C8F-CE79-33D5-B5AD-EDE34595F90C}"
	ProjectSection(ProjectDependencies) = postProject
		{7EF1FF57-158D-309E-A8F7-6E372B2D29A0} = {7EF1FF57-158D-309E-A8F7-6E372B2D29A0}
	EndProjectSection
EndProject
Project("{8BC9CEB8-8B4A-11D0-8D11-00A0C91BC942}") = "ext_tinyxml2", "engine\external\tinyxml2\ext_tinyxml2.vcxproj", "{3FE59C87-D199-3E22-AF43-636FEA03BC9C}"
	ProjectSection(ProjectDependencies) = postProject
		{7EF1FF57-158D-309E-A8F7-6E372B2D29A0} = {7EF1FF57-158D-309E-A8F7-6E372B2D29A0}
	EndProjectSection
EndProject
Project("{8BC9CEB8-8B4A-11D0-8D11-00A0C91BC942}") = "ext_unzip", "engine\external\unzip\ext_unzip.vcxproj", "{000B0EDA-D2F5-3E33-BCCD-D123D3E42A82}"
	ProjectSection(ProjectDependencies) = postProject
		{7EF1FF57-158D-309E-A8F7-6E372B2D29A0} = {7EF1FF57-158D-309E-A8F7-6E372B2D29A0}
	EndProjectSection
EndProject
Project("{8BC9CEB8-8B4A-11D0-8D11-00A0C91BC942}") = "ext_xxhash", "engine\external\xxhash\ext_xxhash.vcxproj", "{9E6A9CA6-DD9C-36D8-A6CF-A64E41B424A5}"
	ProjectSection(ProjectDependencies) = postProject
		{7EF1FF57-158D-309E-A8F7-6E372B2D29A0} = {7EF1FF57-158D-309E-A8F7-6E372B2D29A0}
	EndProjectSection
EndProject
Project("{8BC9CEB8-8B4A-11D0-8D11-00A0C91BC942}") = "ext_xxtea", "engine\external\xxtea\ext_xxtea.vcxproj", "{69CA8C7E-84E3-3593-87A9-79B9344BD401}"
	ProjectSection(ProjectDependencies) = postProject
		{7EF1FF57-158D-309E-A8F7-6E372B2D29A0} = {7EF1FF57-158D-309E-A8F7-6E372B2D29A0}
	EndProjectSection
EndProject
Project("{8BC9CEB8-8B4A-11D0-8D11-00A0C91BC942}") = "external", "engine\external\external.vcxproj", "{D005879F-FFE8-3101-8833-F9E70D11FD82}"
	ProjectSection(ProjectDependencies) = postProject
		{7EF1FF57-158D-309E-A8F7-6E372B2D29A0} = {7EF1FF57-158D-309E-A8F7-6E372B2D29A0}
		{02410004-7859-3B85-AE58-B812082C2F01} = {02410004-7859-3B85-AE58-B812082C2F01}
		{9D46408B-3FEC-306C-89F3-74553E47EF4D} = {9D46408B-3FEC-306C-89F3-74553E47EF4D}
		{639AA751-854B-3F16-B1C0-6C9334DE908D} = {639AA751-854B-3F16-B1C0-6C9334DE908D}
		{D63D3563-5C7B-3D8C-B27C-D8262EB90966} = {D63D3563-5C7B-3D8C-B27C-D8262EB90966}
		{BD2A9B0A-CC4A-3BC6-9BF2-F594365D9716} = {BD2A9B0A-CC4A-3BC6-9BF2-F594365D9716}
		{4AF97C8F-CE79-33D5-B5AD-EDE34595F90C} = {4AF97C8F-CE79-33D5-B5AD-EDE34595F90C}
		{3FE59C87-D199-3E22-AF43-636FEA03BC9C} = {3FE59C87-D199-3E22-AF43-636FEA03BC9C}
		{000B0EDA-D2F5-3E33-BCCD-D123D3E42A82} = {000B0EDA-D2F5-3E33-BCCD-D123D3E42A82}
		{9E6A9CA6-DD9C-36D8-A6CF-A64E41B424A5} = {9E6A9CA6-DD9C-36D8-A6CF-A64E41B424A5}
		{69CA8C7E-84E3-3593-87A9-79B9344BD401} = {69CA8C7E-84E3-3593-87A9-79B9344BD401}
	EndProjectSection
EndProject
Project("{8BC9CEB8-8B4A-11D0-8D11-00A0C91BC942}") = "scroller", "scroller.vcxproj", "{F7CB0292-B28F-31EC-B411-53CD6AACED49}"
	ProjectSection(ProjectDependencies) = postProject
		{6EAD3D58-02F4-3E47-9860-3F02A16DE323} = {6EAD3D58-02F4-3E47-9860-3F02A16DE323}
		{7EF1FF57-158D-309E-A8F7-6E372B2D29A0} = {7EF1FF57-158D-309E-A8F7-6E372B2D29A0}
		{CDAD072B-6865-3848-8520-2B4FCC10119F} = {CDAD072B-6865-3848-8520-2B4FCC10119F}
		{02410004-7859-3B85-AE58-B812082C2F01} = {02410004-7859-3B85-AE58-B812082C2F01}
		{9D46408B-3FEC-306C-89F3-74553E47EF4D} = {9D46408B-3FEC-306C-89F3-74553E47EF4D}
		{639AA751-854B-3F16-B1C0-6C9334DE908D} = {639AA751-854B-3F16-B1C0-6C9334DE908D}
		{D63D3563-5C7B-3D8C-B27C-D8262EB90966} = {D63D3563-5C7B-3D8C-B27C-D8262EB90966}
		{BD2A9B0A-CC4A-3BC6-9BF2-F594365D9716} = {BD2A9B0A-CC4A-3BC6-9BF2-F594365D9716}
		{4AF97C8F-CE79-33D5-B5AD-EDE34595F90C} = {4AF97C8F-CE79-33D5-B5AD-EDE34595F90C}
		{3FE59C87-D199-3E22-AF43-636FEA03BC9C} = {3FE59C87-D199-3E22-AF43-636FEA03BC9C}
		{000B0EDA-D2F5-3E33-BCCD-D123D3E42A82} = {000B0EDA-D2F5-3E33-BCCD-D123D3E42A82}
		{9E6A9CA6-DD9C-36D8-A6CF-A64E41B424A5} = {9E6A9CA6-DD9C-36D8-A6CF-A64E41B424A5}
		{69CA8C7E-84E3-3593-87A9-79B9344BD401} = {69CA8C7E-84E3-3593-87A9-79B9344BD401}
		{D005879F-FFE8-3101-8833-F9E70D11FD82} = {D005879F-FFE8-3101-8833-F9E70D11FD82}
	EndProjectSection
EndProject
Global
	GlobalSection(SolutionConfigurationPlatforms) = preSolution
		Debug|Win32 = Debug|Win32
		Release|Win32 = Release|Win32
		MinSizeRel|Win32 = MinSizeRel|Win32
		RelWithDebInfo|Win32 = RelWithDebInfo|Win32
	EndGlobalSection
	GlobalSection(ProjectConfigurationPlatforms) = postSolution
		{0B05EC04-4708-3C53-AF49-461CB3686A3C}.Debug|Win32.ActiveCfg = Debug|Win32
		{0B05EC04-4708-3C53-AF49-461CB3686A3C}.Release|Win32.ActiveCfg = Release|Win32
		{0B05EC04-4708-3C53-AF49-461CB3686A3C}.MinSizeRel|Win32.ActiveCfg = MinSizeRel|Win32
		{0B05EC04-4708-3C53-AF49-461CB3686A3C}.RelWithDebInfo|Win32.ActiveCfg = RelWithDebInfo|Win32
		{6EAD3D58-02F4-3E47-9860-3F02A16DE323}.Debug|Win32.ActiveCfg = Debug|Win32
		{6EAD3D58-02F4-3E47-9860-3F02A16DE323}.Debug|Win32.Build.0 = Debug|Win32
		{6EAD3D58-02F4-3E47-9860-3F02A16DE323}.Release|Win32.ActiveCfg = Release|Win32
		{6EAD3D58-02F4-3E47-9860-3F02A16DE323}.Release|Win32.Build.0 = Release|Win32
		{6EAD3D58-02F4-3E47-9860-3F02A16DE323}.MinSizeRel|Win32.ActiveCfg = MinSizeRel|Win32
		{6EAD3D58-02F4-3E47-9860-3F02A16DE323}.MinSizeRel|Win32.Build.0 = MinSizeRel|Win32
		{6EAD3D58-02F4-3E47-9860-3F02A16DE323}.RelWithDebInfo|Win32.ActiveCfg = RelWithDebInfo|Win32
		{6EAD3D58-02F4-3E47-9860-3F02A16DE323}.RelWithDebInfo|Win32.Build.0 = RelWithDebInfo|Win32
		{7EF1FF57-158D-309E-A8F7-6E372B2D29A0}.Debug|Win32.ActiveCfg = Debug|Win32
		{7EF1FF57-158D-309E-A8F7-6E372B2D29A0}.Debug|Win32.Build.0 = Debug|Win32
		{7EF1FF57-158D-309E-A8F7-6E372B2D29A0}.Release|Win32.ActiveCfg = Release|Win32
		{7EF1FF57-158D-309E-A8F7-6E372B2D29A0}.Release|Win32.Build.0 = Release|Win32
		{7EF1FF57-158D-309E-A8F7-6E372B2D29A0}.MinSizeRel|Win32.ActiveCfg = MinSizeRel|Win32
		{7EF1FF57-158D-309E-A8F7-6E372B2D29A0}.MinSizeRel|Win32.Build.0 = MinSizeRel|Win32
		{7EF1FF57-158D-309E-A8F7-6E372B2D29A0}.RelWithDebInfo|Win32.ActiveCfg = RelWithDebInfo|Win32
		{7EF1FF57-158D-309E-A8F7-6E372B2D29A0}.RelWithDebInfo|Win32.Build.0 = RelWithDebInfo|Win32
		{CDAD072B-6865-3848-8520-2B4FCC10119F}.Debug|Win32.ActiveCfg = Debug|Win32
		{CDAD072B-6865-3848-8520-2B4FCC10119F}.Debug|Win32.Build.0 = Debug|Win32
		{CDAD072B-6865-3848-8520-2B4FCC10119F}.Release|Win32.ActiveCfg = Release|Win32
		{CDAD072B-6865-3848-8520-2B4FCC10119F}.Release|Win32.Build.0 = Release|Win32
		{CDAD072B-6865-3848-8520-2B4FCC10119F}.MinSizeRel|Win32.ActiveCfg = MinSizeRel|Win32
		{CDAD072B-6865-3848-8520-2B4FCC10119F}.MinSizeRel|Win32.Build.0 = MinSizeRel|Win32
		{CDAD072B-6865-3848-8520-2B4FCC10119F}.RelWithDebInfo|Win32.ActiveCfg = RelWithDebInfo|Win32
		{CDAD072B-6865-3848-8520-2B4FCC10119F}.RelWithDebInfo|Win32.Build.0 = RelWithDebInfo|Win32
		{02410004-7859-3B85-AE58-B812082C2F01}.Debug|Win32.ActiveCfg = Debug|Win32
		{02410004-7859-3B85-AE58-B812082C2F01}.Debug|Win32.Build.0 = Debug|Win32
		{02410004-7859-3B85-AE58-B812082C2F01}.Release|Win32.ActiveCfg = Release|Win32
		{02410004-7859-3B85-AE58-B812082C2F01}.Release|Win32.Build.0 = Release|Win32
		{02410004-7859-3B85-AE58-B812082C2F01}.MinSizeRel|Win32.ActiveCfg = MinSizeRel|Win32
		{02410004-7859-3B85-AE58-B812082C2F01}.MinSizeRel|Win32.Build.0 = MinSizeRel|Win32
		{02410004-7859-3B85-AE58-B812082C2F01}.RelWithDebInfo|Win32.ActiveCfg = RelWithDebInfo|Win32
		{02410004-7859-3B85-AE58-B812082C2F01}.RelWithDebInfo|Win32.Build.0 = RelWithDebInfo|Win32
		{9D46408B-3FEC-306C-89F3-74553E47EF4D}.Debug|Win32.ActiveCfg = Debug|Win32
		{9D46408B-3FEC-306C-89F3-74553E47EF4D}.Debug|Win32.Build.0 = Debug|Win32
		{9D46408B-3FEC-306C-89F3-74553E47EF4D}.Release|Win32.ActiveCfg = Release|Win32
		{9D46408B-3FEC-306C-89F3-74553E47EF4D}.Release|Win32.Build.0 = Release|Win32
		{9D46408B-3FEC-306C-89F3-74553E47EF4D}.MinSizeRel|Win32.ActiveCfg = MinSizeRel|Win32
		{9D46408B-3FEC-306C-89F3-74553E47EF4D}.MinSizeRel|Win32.Build.0 = MinSizeRel|Win32
		{9D46408B-3FEC-306C-89F3-74553E47EF4D}.RelWithDebInfo|Win32.ActiveCfg = RelWithDebInfo|Win32
		{9D46408B-3FEC-306C-89F3-74553E47EF4D}.RelWithDebInfo|Win32.Build.0 = RelWithDebInfo|Win32
		{639AA751-854B-3F16-B1C0-6C9334DE908D}.Debug|Win32.ActiveCfg = Debug|Win32
		{639AA751-854B-3F16-B1C0-6C9334DE908D}.Debug|Win32.Build.0 = Debug|Win32
		{639AA751-854B-3F16-B1C0-6C9334DE908D}.Release|Win32.ActiveCfg = Release|Win32
		{639AA751-854B-3F16-B1C0-6C9334DE908D}.Release|Win32.Build.0 = Release|Win32
		{639AA751-854B-3F16-B1C0-6C9334DE908D}.MinSizeRel|Win32.ActiveCfg = MinSizeRel|Win32
		{639AA751-854B-3F16-B1C0-6C9334DE908D}.MinSizeRel|Win32.Build.0 = MinSizeRel|Win32
		{639AA751-854B-3F16-B1C0-6C9334DE908D}.RelWithDebInfo|Win32.ActiveCfg = RelWithDebInfo|Win32
		{639AA751-854B-3F16-B1C0-6C9334DE908D}.RelWithDebInfo|Win32.Build.0 = RelWithDebInfo|Win32
		{D63D3563-5C7B-3D8C-B27C-D8262EB90966}.Debug|Win32.ActiveCfg = Debug|Win32
		{D63D3563-5C7B-3D8C-B27C-D8262EB90966}.Debug|Win32.Build.0 = Debug|Win32
		{D63D3563-5C7B-3D8C-B27C-D8262EB90966}.Release|Win32.ActiveCfg = Release|Win32
		{D63D3563-5C7B-3D8C-B27C-D8262EB90966}.Release|Win32.Build.0 = Release|Win32
		{D63D3563-5C7B-3D8C-B27C-D8262EB90966}.MinSizeRel|Win32.ActiveCfg = MinSizeRel|Win32
		{D63D3563-5C7B-3D8C-B27C-D8262EB90966}.MinSizeRel|Win32.Build.0 = MinSizeRel|Win32
		{D63D3563-5C7B-3D8C-B27C-D8262EB90966}.RelWithDebInfo|Win32.ActiveCfg = RelWithDebInfo|Win32
		{D63D3563-5C7B-3D8C-B27C-D8262EB90966}.RelWithDebInfo|Win32.Build.0 = RelWithDebInfo|Win32
		{BD2A9B0A-CC4A-3BC6-9BF2-F594365D9716}.Debug|Win32.ActiveCfg = Debug|Win32
		{BD2A9B0A-CC4A-3BC6-9BF2-F594365D9716}.Debug|Win32.Build.0 = Debug|Win32
		{BD2A9B0A-CC4A-3BC6-9BF2-F594365D9716}.Release|Win32.ActiveCfg = Release|Win32
		{BD2A9B0A-CC4A-3BC6-9BF2-F594365D9716}.Release|Win32.Build.0 = Release|Win32
		{BD2A9B0A-CC4A-3BC6-9BF2-F594365D9716}.MinSizeRel|Win32.ActiveCfg = MinSizeRel|Win32
		{BD2A9B0A-CC4A-3BC6-9BF2-F594365D9716}.MinSizeRel|Win32.Build.0 = MinSizeRel|Win32
		{BD2A9B0A-CC4A-3BC6-9BF2-F594365D9716}.RelWithDebInfo|Win32.ActiveCfg = RelWithDebInfo|Win32
		{BD2A9B0A-CC4A-3BC6-9BF2-F594365D9716}.RelWithDebInfo|Win32.Build.0 = RelWithDebInfo|Win32
		{4AF97C8F-CE79-33D5-B5AD-EDE34595F90C}.Debug|Win32.ActiveCfg = Debug|Win32
		{4AF97C8F-CE79-33D5-B5AD-EDE34595F90C}.Debug|Win32.Build.0 = Debug|Win32
		{4AF97C8F-CE79-33D5-B5AD-EDE34595F90C}.Release|Win32.ActiveCfg = Release|Win32
		{4AF97C8F-CE79-33D5-B5AD-EDE34595F90C}.Release|Win32.Build.0 = Release|Win32
		{4AF97C8F-CE79-33D5-B5AD-EDE34595F90C}.MinSizeRel|Win32.ActiveCfg = MinSizeRel|Win32
		{4AF97C8F-CE79-33D5-B5AD-EDE34595F90C}.MinSizeRel|Win32.Build.0 = MinSizeRel|Win32
		{4AF97C8F-CE79-33D5-B5AD-EDE34595F90C}.RelWithDebInfo|Win32.ActiveCfg = RelWithDebInfo|Win32
		{4AF97C8F-CE79-33D5-B5AD-EDE34595F90C}.RelWithDebInfo|Win32.Build.0 = RelWithDebInfo|Win32
		{3FE59C87-D199-3E22-AF43-636FEA03BC9C}.Debug|Win32.ActiveCfg = Debug|Win32
		{3FE59C87-D199-3E22-AF43-636FEA03BC9C}.Debug|Win32.Build.0 = Debug|Win32
		{3FE59C87-D199-3E22-AF43-636FEA03BC9C}.Release|Win32.ActiveCfg = Release|Win32
		{3FE59C87-D199-3E22-AF43-636FEA03BC9C}.Release|Win32.Build.0 = Release|Win32
		{3FE59C87-D199-3E22-AF43-636FEA03BC9C}.MinSizeRel|Win32.ActiveCfg = MinSizeRel|Win32
		{3FE59C87-D199-3E22-AF43-636FEA03BC9C}.MinSizeRel|Win32.Build.0 = MinSizeRel|Win32
		{3FE59C87-D199-3E22-AF43-636FEA03BC9C}.RelWithDebInfo|Win32.ActiveCfg = RelWithDebInfo|Win32
		{3FE59C87-D199-3E22-AF43-636FEA03BC9C}.RelWithDebInfo|Win32.Build.0 = RelWithDebInfo|Win32
		{000B0EDA-D2F5-3E33-BCCD-D123D3E42A82}.Debug|Win32.ActiveCfg = Debug|Win32
		{000B0EDA-D2F5-3E33-BCCD-D123D3E42A82}.Debug|Win32.Build.0 = Debug|Win32
		{000B0EDA-D2F5-3E33-BCCD-D123D3E42A82}.Release|Win32.ActiveCfg = Release|Win32
		{000B0EDA-D2F5-3E33-BCCD-D123D3E42A82}.Release|Win32.Build.0 = Release|Win32
		{000B0EDA-D2F5-3E33-BCCD-D123D3E42A82}.MinSizeRel|Win32.ActiveCfg = MinSizeRel|Win32
		{000B0EDA-D2F5-3E33-BCCD-D123D3E42A82}.MinSizeRel|Win32.Build.0 = MinSizeRel|Win32
		{000B0EDA-D2F5-3E33-BCCD-D123D3E42A82}.RelWithDebInfo|Win32.ActiveCfg = RelWithDebInfo|Win32
		{000B0EDA-D2F5-3E33-BCCD-D123D3E42A82}.RelWithDebInfo|Win32.Build.0 = RelWithDebInfo|Win32
		{9E6A9CA6-DD9C-36D8-A6CF-A64E41B424A5}.Debug|Win32.ActiveCfg = Debug|Win32
		{9E6A9CA6-DD9C-36D8-A6CF-A64E41B424A5}.Debug|Win32.Build.0 = Debug|Win32
		{9E6A9CA6-DD9C-36D8-A6CF-A64E41B424A5}.Release|Win32.ActiveCfg = Release|Win32
		{9E6A9CA6-DD9C-36D8-A6CF-A64E41B424A5}.Release|Win32.Build.0 = Release|Win32
		{9E6A9CA6-DD9C-36D8-A6CF-A64E41B424A5}.MinSizeRel|Win32.ActiveCfg = MinSizeRel|Win32
		{9E6A9CA6-DD9C-36D8-A6CF-A64E41B424A5}.MinSizeRel|Win32.Build.0 = MinSizeRel|Win32
		{9E6A9CA6-DD9C-36D8-A6CF-A64E41B424A5}.RelWithDebInfo|Win32.ActiveCfg = RelWithDebInfo|Win32
		{9E6A9CA6-DD9C-36D8-A6CF-A64E41B424A5}.RelWithDebInfo|Win32.Build.0 = RelWithDebInfo|Win32
		{69CA8C7E-84E3-3593-87A9-79B9344BD401}.Debug|Win32.ActiveCfg = Debug|Win32
		{69CA8C7E-84E3-3593-87A9-79B9344BD401}.Debug|Win32.Build.0 = Debug|Win32
		{69CA8C7E-84E3-3593-87A9-79B9344BD401}.Release|Win32.ActiveCfg = Release|Win32
		{69CA8C7E-84E3-3593-87A9-79B9344BD401}.Release|Win32.Build.0 = Release|Win32
		{69CA8C7E-84E3-3593-87A9-79B9344BD401}.MinSizeRel|Win32.ActiveCfg = MinSizeRel|Win32
		{69CA8C7E-84E3-3593-87A9-79B9344BD401}.MinSizeRel|Win32.Build.0 = MinSizeRel|Win32
		{69CA8C7E-84E3-3593-87A9-79B9344BD401}.RelWithDebInfo|Win32.ActiveCfg = RelWithDebInfo|Win32
		{69CA8C7E-84E3-3593-87A9-79B9344BD401}.RelWithDebInfo|Win32.Build.0 = RelWithDebInfo|Win32
		{D005879F-FFE8-3101-8833-F9E70D11FD82}.Debug|Win32.ActiveCfg = Debug|Win32
		{D005879F-FFE8-3101-8833-F9E70D11FD82}.Debug|Win32.Build.0 = Debug|Win32
		{D005879F-FFE8-3101-8833-F9E70D11FD82}.Release|Win32.ActiveCfg = Release|Win32
		{D005879F-FFE8-3101-8833-F9E70D11FD82}.Release|Win32.Build.0 = Release|Win32
		{D005879F-FFE8-3101-8833-F9E70D11FD82}.MinSizeRel|Win32.ActiveCfg = MinSizeRel|Win32
		{D005879F-FFE8-3101-8833-F9E70D11FD82}.MinSizeRel|Win32.Build.0 = MinSizeRel|Win32
		{D005879F-FFE8-3101-8833-F9E70D11FD82}.RelWithDebInfo|Win32.ActiveCfg = RelWithDebInfo|Win32
		{D005879F-FFE8-3101-8833-F9E70D11FD82}.RelWithDebInfo|Win32.Build.0 = RelWithDebInfo|Win32
		{F7CB0292-B28F-31EC-B411-53CD6AACED49}.Debug|Win32.ActiveCfg = Debug|Win32
		{F7CB0292-B28F-31EC-B411-53CD6AACED49}.Debug|Win32.Build.0 = Debug|Win32
		{F7CB0292-B28F-31EC-B411-53CD6AACED49}.Release|Win32.ActiveCfg = Release|Win32
		{F7CB0292-B28F-31EC-B411-53CD6AACED49}.Release|Win32.Build.0 = Release|Win32
		{F7CB0292-B28F-31EC-B411-53CD6AACED49}.MinSizeRel|Win32.ActiveCfg = MinSizeRel|Win32
		{F7CB0292-B28F-31EC-B411-53CD6AACED49}.MinSizeRel|Win32.Build.0 = MinSizeRel|Win32
		{F7CB0292-B28F-31EC-B411-53CD6AACED49}.RelWithDebInfo|Win32.ActiveCfg = RelWithDebInfo|Win32
		{F7CB0292-B28F-31EC-B411-53CD6AACED49}.RelWithDebInfo|Win32.Build.0 = RelWithDebInfo|Win32
	EndGlobalSection
	GlobalSection(NestedProjects) = preSolution
		{0B05EC04-4708-3C53-AF49-461CB3686A3C} = {658EF98D-F783-3D8D-9367-3C4727C8A45B}
		{7EF1FF57-158D-309E-A8F7-6E372B2D29A0} = {658EF98D-F783-3D8D-9367-3C4727C8A45B}
		{02410004-7859-3B85-AE58-B812082C2F01} = {F85C27CF-6109-3D00-A12A-B5A380CB48D7}
		{9D46408B-3FEC-306C-89F3-74553E47EF4D} = {F85C27CF-6109-3D00-A12A-B5A380CB48D7}
		{639AA751-854B-3F16-B1C0-6C9334DE908D} = {F85C27CF-6109-3D00-A12A-B5A380CB48D7}
		{D63D3563-5C7B-3D8C-B27C-D8262EB90966} = {F85C27CF-6109-3D00-A12A-B5A380CB48D7}
		{BD2A9B0A-CC4A-3BC6-9BF2-F594365D9716} = {F85C27CF-6109-3D00-A12A-B5A380CB48D7}
		{4AF97C8F-CE79-33D5-B5AD-EDE34595F90C} = {F85C27CF-6109-3D00-A12A-B5A380CB48D7}
		{3FE59C87-D199-3E22-AF43-636FEA03BC9C} = {F85C27CF-6109-3D00-A12A-B5A380CB48D7}
		{000B0EDA-D2F5-3E33-BCCD-D123D3E42A82} = {F85C27CF-6109-3D00-A12A-B5A380CB48D7}
		{9E6A9CA6-DD9C-36D8-A6CF-A64E41B424A5} = {F85C27CF-6109-3D00-A12A-B5A380CB48D7}
		{69CA8C7E-84E3-3593-87A9-79B9344BD401} = {F85C27CF-6109-3D00-A12A-B5A380CB48D7}
		{D005879F-FFE8-3101-8833-F9E70D11FD82} = {F85C27CF-6109-3D00-A12A-B5A380CB48D7}
		{CDAD072B-6865-3848-8520-2B4FCC10119F} = {BB6417F3-E5C6-32BF-A08C-200944A7EB09}
		{6EAD3D58-02F4-3E47-9860-3F02A16DE323} = {6D159DCB-492F-356B-8C16-C0355E1D8639}
	EndGlobalSection
	GlobalSection(ExtensibilityGlobals) = postSolution
		SolutionGuid = {19A99406-DF95-303B-9D03-4B257273C389}
	EndGlobalSection
	GlobalSection(ExtensibilityAddIns) = postSolution
	EndGlobalSection
EndGlobal
