
Microsoft Visual Studio Solution File, Format Version 12.00
# Visual Studio Version 17
Project("{2150E333-8FDC-42A3-9474-1A3956D46DE8}") = "CMakePredefinedTargets", "CMakePredefinedTargets", "{C6BE0279-CE29-37E4-A61B-478CAE6EFFC1}"
EndProject
Project("{2150E333-8FDC-42A3-9474-1A3956D46DE8}") = "External", "External", "{DECBCFC9-1F5B-368F-8A33-5F883573B802}"
EndProject
Project("{2150E333-8FDC-42A3-9474-1A3956D46DE8}") = "Internal", "Internal", "{5E006FEA-0DBF-328A-95AD-9E7D26DF9F41}"
EndProject
Project("{2150E333-8FDC-42A3-9474-1A3956D46DE8}") = "Utils", "Utils", "{C6BB6732-D205-3CD5-A210-5AAE63506FE6}"
EndProject
Project("{8BC9CEB8-8B4A-11D0-8D11-00A0C91BC942}") = "ALL_BUILD", "ALL_BUILD.vcxproj", "{49004DC9-5590-3439-86FB-5064F574C4E5}"
	ProjectSection(ProjectDependencies) = postProject
		{07A9079D-2452-3DA0-A1F3-0188269E5AE0} = {07A9079D-2452-3DA0-A1F3-0188269E5AE0}
		{CDAF1C39-080E-31E1-BBE9-347C447A81D2} = {CDAF1C39-080E-31E1-BBE9-347C447A81D2}
		{FE3EC042-9F99-30D6-9A9E-6DAE4CE78EBB} = {FE3EC042-9F99-30D6-9A9E-6DAE4CE78EBB}
		{C67D663F-134D-308F-96A7-5AE2D1DA3A79} = {C67D663F-134D-308F-96A7-5AE2D1DA3A79}
		{B0310766-795A-3B32-AB35-E2C9D0A71790} = {B0310766-795A-3B32-AB35-E2C9D0A71790}
		{61426B5F-737A-32DD-83F5-4B6C13E2C879} = {61426B5F-737A-32DD-83F5-4B6C13E2C879}
		{CC287970-AAE3-3815-8F62-A36B1C45FD78} = {CC287970-AAE3-3815-8F62-A36B1C45FD78}
		{F8683557-B69A-34EB-A5D9-8A5A3149CD5E} = {F8683557-B69A-34EB-A5D9-8A5A3149CD5E}
		{44C40391-307E-384C-BBFF-C90CA712C1E0} = {44C40391-307E-384C-BBFF-C90CA712C1E0}
		{C4C57D87-EF13-39DA-8A8C-7D4575FC2A40} = {C4C57D87-EF13-39DA-8A8C-7D4575FC2A40}
		{F04F8385-6C9C-361E-819A-4B09324316A2} = {F04F8385-6C9C-361E-819A-4B09324316A2}
		{84926EC7-ECF0-3227-B119-3AC9C86935A9} = {84926EC7-ECF0-3227-B119-3AC9C86935A9}
		{32466A2E-2BA3-3936-A2DC-ABC4C5035DF8} = {32466A2E-2BA3-3936-A2DC-ABC4C5035DF8}
		{A48E6CF4-26FF-399D-8D46-58EAA8BF6D18} = {A48E6CF4-26FF-399D-8D46-58EAA8BF6D18}
		{2F49A37B-E3CD-3DAF-8868-02EAE70AD806} = {2F49A37B-E3CD-3DAF-8868-02EAE70AD806}
	EndProjectSection
EndProject
Project("{8BC9CEB8-8B4A-11D0-8D11-00A0C91BC942}") = "SYNC_RESOURCE-scroller", "SYNC_RESOURCE-scroller.vcxproj", "{07A9079D-2452-3DA0-A1F3-0188269E5AE0}"
	ProjectSection(ProjectDependencies) = postProject
		{CDAF1C39-080E-31E1-BBE9-347C447A81D2} = {CDAF1C39-080E-31E1-BBE9-347C447A81D2}
	EndProjectSection
EndProject
Project("{8BC9CEB8-8B4A-11D0-8D11-00A0C91BC942}") = "ZERO_CHECK", "ZERO_CHECK.vcxproj", "{CDAF1C39-080E-31E1-BBE9-347C447A81D2}"
	ProjectSection(ProjectDependencies) = postProject
	EndProjectSection
EndProject
Project("{8BC9CEB8-8B4A-11D0-8D11-00A0C91BC942}") = "cocos2d", "engine\cocos\core\cocos2d.vcxproj", "{FE3EC042-9F99-30D6-9A9E-6DAE4CE78EBB}"
	ProjectSection(ProjectDependencies) = postProject
		{CDAF1C39-080E-31E1-BBE9-347C447A81D2} = {CDAF1C39-080E-31E1-BBE9-347C447A81D2}
		{C67D663F-134D-308F-96A7-5AE2D1DA3A79} = {C67D663F-134D-308F-96A7-5AE2D1DA3A79}
		{B0310766-795A-3B32-AB35-E2C9D0A71790} = {B0310766-795A-3B32-AB35-E2C9D0A71790}
		{61426B5F-737A-32DD-83F5-4B6C13E2C879} = {61426B5F-737A-32DD-83F5-4B6C13E2C879}
		{CC287970-AAE3-3815-8F62-A36B1C45FD78} = {CC287970-AAE3-3815-8F62-A36B1C45FD78}
		{F8683557-B69A-34EB-A5D9-8A5A3149CD5E} = {F8683557-B69A-34EB-A5D9-8A5A3149CD5E}
		{44C40391-307E-384C-BBFF-C90CA712C1E0} = {44C40391-307E-384C-BBFF-C90CA712C1E0}
		{C4C57D87-EF13-39DA-8A8C-7D4575FC2A40} = {C4C57D87-EF13-39DA-8A8C-7D4575FC2A40}
		{F04F8385-6C9C-361E-819A-4B09324316A2} = {F04F8385-6C9C-361E-819A-4B09324316A2}
		{84926EC7-ECF0-3227-B119-3AC9C86935A9} = {84926EC7-ECF0-3227-B119-3AC9C86935A9}
		{32466A2E-2BA3-3936-A2DC-ABC4C5035DF8} = {32466A2E-2BA3-3936-A2DC-ABC4C5035DF8}
		{A48E6CF4-26FF-399D-8D46-58EAA8BF6D18} = {A48E6CF4-26FF-399D-8D46-58EAA8BF6D18}
	EndProjectSection
EndProject
Project("{8BC9CEB8-8B4A-11D0-8D11-00A0C91BC942}") = "ext_clipper", "engine\external\clipper\ext_clipper.vcxproj", "{C67D663F-134D-308F-96A7-5AE2D1DA3A79}"
	ProjectSection(ProjectDependencies) = postProject
		{CDAF1C39-080E-31E1-BBE9-347C447A81D2} = {CDAF1C39-080E-31E1-BBE9-347C447A81D2}
	EndProjectSection
EndProject
Project("{8BC9CEB8-8B4A-11D0-8D11-00A0C91BC942}") = "ext_convertUTF", "engine\external\ConvertUTF\ext_convertUTF.vcxproj", "{B0310766-795A-3B32-AB35-E2C9D0A71790}"
	ProjectSection(ProjectDependencies) = postProject
		{CDAF1C39-080E-31E1-BBE9-347C447A81D2} = {CDAF1C39-080E-31E1-BBE9-347C447A81D2}
	EndProjectSection
EndProject
Project("{8BC9CEB8-8B4A-11D0-8D11-00A0C91BC942}") = "ext_edtaa3func", "engine\external\edtaa3func\ext_edtaa3func.vcxproj", "{61426B5F-737A-32DD-83F5-4B6C13E2C879}"
	ProjectSection(ProjectDependencies) = postProject
		{CDAF1C39-080E-31E1-BBE9-347C447A81D2} = {CDAF1C39-080E-31E1-BBE9-347C447A81D2}
	EndProjectSection
EndProject
Project("{8BC9CEB8-8B4A-11D0-8D11-00A0C91BC942}") = "ext_md5", "engine\external\md5\ext_md5.vcxproj", "{CC287970-AAE3-3815-8F62-A36B1C45FD78}"
	ProjectSection(ProjectDependencies) = postProject
		{CDAF1C39-080E-31E1-BBE9-347C447A81D2} = {CDAF1C39-080E-31E1-BBE9-347C447A81D2}
	EndProjectSection
EndProject
Project("{8BC9CEB8-8B4A-11D0-8D11-00A0C91BC942}") = "ext_poly2tri", "engine\external\poly2tri\ext_poly2tri.vcxproj", "{F8683557-B69A-34EB-A5D9-8A5A3149CD5E}"
	ProjectSection(ProjectDependencies) = postProject
		{CDAF1C39-080E-31E1-BBE9-347C447A81D2} = {CDAF1C39-080E-31E1-BBE9-347C447A81D2}
	EndProjectSection
EndProject
Project("{8BC9CEB8-8B4A-11D0-8D11-00A0C91BC942}") = "ext_recast", "engine\external\recast\ext_recast.vcxproj", "{44C40391-307E-384C-BBFF-C90CA712C1E0}"
	ProjectSection(ProjectDependencies) = postProject
		{CDAF1C39-080E-31E1-BBE9-347C447A81D2} = {CDAF1C39-080E-31E1-BBE9-347C447A81D2}
	EndProjectSection
EndProject
Project("{8BC9CEB8-8B4A-11D0-8D11-00A0C91BC942}") = "ext_tinyxml2", "engine\external\tinyxml2\ext_tinyxml2.vcxproj", "{C4C57D87-EF13-39DA-8A8C-7D4575FC2A40}"
	ProjectSection(ProjectDependencies) = postProject
		{CDAF1C39-080E-31E1-BBE9-347C447A81D2} = {CDAF1C39-080E-31E1-BBE9-347C447A81D2}
	EndProjectSection
EndProject
Project("{8BC9CEB8-8B4A-11D0-8D11-00A0C91BC942}") = "ext_unzip", "engine\external\unzip\ext_unzip.vcxproj", "{F04F8385-6C9C-361E-819A-4B09324316A2}"
	ProjectSection(ProjectDependencies) = postProject
		{CDAF1C39-080E-31E1-BBE9-347C447A81D2} = {CDAF1C39-080E-31E1-BBE9-347C447A81D2}
	EndProjectSection
EndProject
Project("{8BC9CEB8-8B4A-11D0-8D11-00A0C91BC942}") = "ext_xxhash", "engine\external\xxhash\ext_xxhash.vcxproj", "{84926EC7-ECF0-3227-B119-3AC9C86935A9}"
	ProjectSection(ProjectDependencies) = postProject
		{CDAF1C39-080E-31E1-BBE9-347C447A81D2} = {CDAF1C39-080E-31E1-BBE9-347C447A81D2}
	EndProjectSection
EndProject
Project("{8BC9CEB8-8B4A-11D0-8D11-00A0C91BC942}") = "ext_xxtea", "engine\external\xxtea\ext_xxtea.vcxproj", "{32466A2E-2BA3-3936-A2DC-ABC4C5035DF8}"
	ProjectSection(ProjectDependencies) = postProject
		{CDAF1C39-080E-31E1-BBE9-347C447A81D2} = {CDAF1C39-080E-31E1-BBE9-347C447A81D2}
	EndProjectSection
EndProject
Project("{8BC9CEB8-8B4A-11D0-8D11-00A0C91BC942}") = "external", "engine\external\external.vcxproj", "{A48E6CF4-26FF-399D-8D46-58EAA8BF6D18}"
	ProjectSection(ProjectDependencies) = postProject
		{CDAF1C39-080E-31E1-BBE9-347C447A81D2} = {CDAF1C39-080E-31E1-BBE9-347C447A81D2}
		{C67D663F-134D-308F-96A7-5AE2D1DA3A79} = {C67D663F-134D-308F-96A7-5AE2D1DA3A79}
		{B0310766-795A-3B32-AB35-E2C9D0A71790} = {B0310766-795A-3B32-AB35-E2C9D0A71790}
		{61426B5F-737A-32DD-83F5-4B6C13E2C879} = {61426B5F-737A-32DD-83F5-4B6C13E2C879}
		{CC287970-AAE3-3815-8F62-A36B1C45FD78} = {CC287970-AAE3-3815-8F62-A36B1C45FD78}
		{F8683557-B69A-34EB-A5D9-8A5A3149CD5E} = {F8683557-B69A-34EB-A5D9-8A5A3149CD5E}
		{44C40391-307E-384C-BBFF-C90CA712C1E0} = {44C40391-307E-384C-BBFF-C90CA712C1E0}
		{C4C57D87-EF13-39DA-8A8C-7D4575FC2A40} = {C4C57D87-EF13-39DA-8A8C-7D4575FC2A40}
		{F04F8385-6C9C-361E-819A-4B09324316A2} = {F04F8385-6C9C-361E-819A-4B09324316A2}
		{84926EC7-ECF0-3227-B119-3AC9C86935A9} = {84926EC7-ECF0-3227-B119-3AC9C86935A9}
		{32466A2E-2BA3-3936-A2DC-ABC4C5035DF8} = {32466A2E-2BA3-3936-A2DC-ABC4C5035DF8}
	EndProjectSection
EndProject
Project("{8BC9CEB8-8B4A-11D0-8D11-00A0C91BC942}") = "scroller", "scroller.vcxproj", "{2F49A37B-E3CD-3DAF-8868-02EAE70AD806}"
	ProjectSection(ProjectDependencies) = postProject
		{07A9079D-2452-3DA0-A1F3-0188269E5AE0} = {07A9079D-2452-3DA0-A1F3-0188269E5AE0}
		{CDAF1C39-080E-31E1-BBE9-347C447A81D2} = {CDAF1C39-080E-31E1-BBE9-347C447A81D2}
		{FE3EC042-9F99-30D6-9A9E-6DAE4CE78EBB} = {FE3EC042-9F99-30D6-9A9E-6DAE4CE78EBB}
		{C67D663F-134D-308F-96A7-5AE2D1DA3A79} = {C67D663F-134D-308F-96A7-5AE2D1DA3A79}
		{B0310766-795A-3B32-AB35-E2C9D0A71790} = {B0310766-795A-3B32-AB35-E2C9D0A71790}
		{61426B5F-737A-32DD-83F5-4B6C13E2C879} = {61426B5F-737A-32DD-83F5-4B6C13E2C879}
		{CC287970-AAE3-3815-8F62-A36B1C45FD78} = {CC287970-AAE3-3815-8F62-A36B1C45FD78}
		{F8683557-B69A-34EB-A5D9-8A5A3149CD5E} = {F8683557-B69A-34EB-A5D9-8A5A3149CD5E}
		{44C40391-307E-384C-BBFF-C90CA712C1E0} = {44C40391-307E-384C-BBFF-C90CA712C1E0}
		{C4C57D87-EF13-39DA-8A8C-7D4575FC2A40} = {C4C57D87-EF13-39DA-8A8C-7D4575FC2A40}
		{F04F8385-6C9C-361E-819A-4B09324316A2} = {F04F8385-6C9C-361E-819A-4B09324316A2}
		{84926EC7-ECF0-3227-B119-3AC9C86935A9} = {84926EC7-ECF0-3227-B119-3AC9C86935A9}
		{32466A2E-2BA3-3936-A2DC-ABC4C5035DF8} = {32466A2E-2BA3-3936-A2DC-ABC4C5035DF8}
		{A48E6CF4-26FF-399D-8D46-58EAA8BF6D18} = {A48E6CF4-26FF-399D-8D46-58EAA8BF6D18}
	EndProjectSection
EndProject
Global
	GlobalSection(SolutionConfigurationPlatforms) = preSolution
		Debug|Win32 = Debug|Win32
		Release|Win32 = Release|Win32
		MinSizeRel|Win32 = MinSizeRel|Win32
		RelWithDebInfo|Win32 = RelWithDebInfo|Win32
	EndGlobalSection
	GlobalSection(ProjectConfigurationPlatforms) = postSolution
		{49004DC9-5590-3439-86FB-5064F574C4E5}.Debug|Win32.ActiveCfg = Debug|Win32
		{49004DC9-5590-3439-86FB-5064F574C4E5}.Release|Win32.ActiveCfg = Release|Win32
		{49004DC9-5590-3439-86FB-5064F574C4E5}.MinSizeRel|Win32.ActiveCfg = MinSizeRel|Win32
		{49004DC9-5590-3439-86FB-5064F574C4E5}.RelWithDebInfo|Win32.ActiveCfg = RelWithDebInfo|Win32
		{07A9079D-2452-3DA0-A1F3-0188269E5AE0}.Debug|Win32.ActiveCfg = Debug|Win32
		{07A9079D-2452-3DA0-A1F3-0188269E5AE0}.Debug|Win32.Build.0 = Debug|Win32
		{07A9079D-2452-3DA0-A1F3-0188269E5AE0}.Release|Win32.ActiveCfg = Release|Win32
		{07A9079D-2452-3DA0-A1F3-0188269E5AE0}.Release|Win32.Build.0 = Release|Win32
		{07A9079D-2452-3DA0-A1F3-0188269E5AE0}.MinSizeRel|Win32.ActiveCfg = MinSizeRel|Win32
		{07A9079D-2452-3DA0-A1F3-0188269E5AE0}.MinSizeRel|Win32.Build.0 = MinSizeRel|Win32
		{07A9079D-2452-3DA0-A1F3-0188269E5AE0}.RelWithDebInfo|Win32.ActiveCfg = RelWithDebInfo|Win32
		{07A9079D-2452-3DA0-A1F3-0188269E5AE0}.RelWithDebInfo|Win32.Build.0 = RelWithDebInfo|Win32
		{CDAF1C39-080E-31E1-BBE9-347C447A81D2}.Debug|Win32.ActiveCfg = Debug|Win32
		{CDAF1C39-080E-31E1-BBE9-347C447A81D2}.Debug|Win32.Build.0 = Debug|Win32
		{CDAF1C39-080E-31E1-BBE9-347C447A81D2}.Release|Win32.ActiveCfg = Release|Win32
		{CDAF1C39-080E-31E1-BBE9-347C447A81D2}.Release|Win32.Build.0 = Release|Win32
		{CDAF1C39-080E-31E1-BBE9-347C447A81D2}.MinSizeRel|Win32.ActiveCfg = MinSizeRel|Win32
		{CDAF1C39-080E-31E1-BBE9-347C447A81D2}.MinSizeRel|Win32.Build.0 = MinSizeRel|Win32
		{CDAF1C39-080E-31E1-BBE9-347C447A81D2}.RelWithDebInfo|Win32.ActiveCfg = RelWithDebInfo|Win32
		{CDAF1C39-080E-31E1-BBE9-347C447A81D2}.RelWithDebInfo|Win32.Build.0 = RelWithDebInfo|Win32
		{FE3EC042-9F99-30D6-9A9E-6DAE4CE78EBB}.Debug|Win32.ActiveCfg = Debug|Win32
		{FE3EC042-9F99-30D6-9A9E-6DAE4CE78EBB}.Debug|Win32.Build.0 = Debug|Win32
		{FE3EC042-9F99-30D6-9A9E-6DAE4CE78EBB}.Release|Win32.ActiveCfg = Release|Win32
		{FE3EC042-9F99-30D6-9A9E-6DAE4CE78EBB}.Release|Win32.Build.0 = Release|Win32
		{FE3EC042-9F99-30D6-9A9E-6DAE4CE78EBB}.MinSizeRel|Win32.ActiveCfg = MinSizeRel|Win32
		{FE3EC042-9F99-30D6-9A9E-6DAE4CE78EBB}.MinSizeRel|Win32.Build.0 = MinSizeRel|Win32
		{FE3EC042-9F99-30D6-9A9E-6DAE4CE78EBB}.RelWithDebInfo|Win32.ActiveCfg = RelWithDebInfo|Win32
		{FE3EC042-9F99-30D6-9A9E-6DAE4CE78EBB}.RelWithDebInfo|Win32.Build.0 = RelWithDebInfo|Win32
		{C67D663F-134D-308F-96A7-5AE2D1DA3A79}.Debug|Win32.ActiveCfg = Debug|Win32
		{C67D663F-134D-308F-96A7-5AE2D1DA3A79}.Debug|Win32.Build.0 = Debug|Win32
		{C67D663F-134D-308F-96A7-5AE2D1DA3A79}.Release|Win32.ActiveCfg = Release|Win32
		{C67D663F-134D-308F-96A7-5AE2D1DA3A79}.Release|Win32.Build.0 = Release|Win32
		{C67D663F-134D-308F-96A7-5AE2D1DA3A79}.MinSizeRel|Win32.ActiveCfg = MinSizeRel|Win32
		{C67D663F-134D-308F-96A7-5AE2D1DA3A79}.MinSizeRel|Win32.Build.0 = MinSizeRel|Win32
		{C67D663F-134D-308F-96A7-5AE2D1DA3A79}.RelWithDebInfo|Win32.ActiveCfg = RelWithDebInfo|Win32
		{C67D663F-134D-308F-96A7-5AE2D1DA3A79}.RelWithDebInfo|Win32.Build.0 = RelWithDebInfo|Win32
		{B0310766-795A-3B32-AB35-E2C9D0A71790}.Debug|Win32.ActiveCfg = Debug|Win32
		{B0310766-795A-3B32-AB35-E2C9D0A71790}.Debug|Win32.Build.0 = Debug|Win32
		{B0310766-795A-3B32-AB35-E2C9D0A71790}.Release|Win32.ActiveCfg = Release|Win32
		{B0310766-795A-3B32-AB35-E2C9D0A71790}.Release|Win32.Build.0 = Release|Win32
		{B0310766-795A-3B32-AB35-E2C9D0A71790}.MinSizeRel|Win32.ActiveCfg = MinSizeRel|Win32
		{B0310766-795A-3B32-AB35-E2C9D0A71790}.MinSizeRel|Win32.Build.0 = MinSizeRel|Win32
		{B0310766-795A-3B32-AB35-E2C9D0A71790}.RelWithDebInfo|Win32.ActiveCfg = RelWithDebInfo|Win32
		{B0310766-795A-3B32-AB35-E2C9D0A71790}.RelWithDebInfo|Win32.Build.0 = RelWithDebInfo|Win32
		{61426B5F-737A-32DD-83F5-4B6C13E2C879}.Debug|Win32.ActiveCfg = Debug|Win32
		{61426B5F-737A-32DD-83F5-4B6C13E2C879}.Debug|Win32.Build.0 = Debug|Win32
		{61426B5F-737A-32DD-83F5-4B6C13E2C879}.Release|Win32.ActiveCfg = Release|Win32
		{61426B5F-737A-32DD-83F5-4B6C13E2C879}.Release|Win32.Build.0 = Release|Win32
		{61426B5F-737A-32DD-83F5-4B6C13E2C879}.MinSizeRel|Win32.ActiveCfg = MinSizeRel|Win32
		{61426B5F-737A-32DD-83F5-4B6C13E2C879}.MinSizeRel|Win32.Build.0 = MinSizeRel|Win32
		{61426B5F-737A-32DD-83F5-4B6C13E2C879}.RelWithDebInfo|Win32.ActiveCfg = RelWithDebInfo|Win32
		{61426B5F-737A-32DD-83F5-4B6C13E2C879}.RelWithDebInfo|Win32.Build.0 = RelWithDebInfo|Win32
		{CC287970-AAE3-3815-8F62-A36B1C45FD78}.Debug|Win32.ActiveCfg = Debug|Win32
		{CC287970-AAE3-3815-8F62-A36B1C45FD78}.Debug|Win32.Build.0 = Debug|Win32
		{CC287970-AAE3-3815-8F62-A36B1C45FD78}.Release|Win32.ActiveCfg = Release|Win32
		{CC287970-AAE3-3815-8F62-A36B1C45FD78}.Release|Win32.Build.0 = Release|Win32
		{CC287970-AAE3-3815-8F62-A36B1C45FD78}.MinSizeRel|Win32.ActiveCfg = MinSizeRel|Win32
		{CC287970-AAE3-3815-8F62-A36B1C45FD78}.MinSizeRel|Win32.Build.0 = MinSizeRel|Win32
		{CC287970-AAE3-3815-8F62-A36B1C45FD78}.RelWithDebInfo|Win32.ActiveCfg = RelWithDebInfo|Win32
		{CC287970-AAE3-3815-8F62-A36B1C45FD78}.RelWithDebInfo|Win32.Build.0 = RelWithDebInfo|Win32
		{F8683557-B69A-34EB-A5D9-8A5A3149CD5E}.Debug|Win32.ActiveCfg = Debug|Win32
		{F8683557-B69A-34EB-A5D9-8A5A3149CD5E}.Debug|Win32.Build.0 = Debug|Win32
		{F8683557-B69A-34EB-A5D9-8A5A3149CD5E}.Release|Win32.ActiveCfg = Release|Win32
		{F8683557-B69A-34EB-A5D9-8A5A3149CD5E}.Release|Win32.Build.0 = Release|Win32
		{F8683557-B69A-34EB-A5D9-8A5A3149CD5E}.MinSizeRel|Win32.ActiveCfg = MinSizeRel|Win32
		{F8683557-B69A-34EB-A5D9-8A5A3149CD5E}.MinSizeRel|Win32.Build.0 = MinSizeRel|Win32
		{F8683557-B69A-34EB-A5D9-8A5A3149CD5E}.RelWithDebInfo|Win32.ActiveCfg = RelWithDebInfo|Win32
		{F8683557-B69A-34EB-A5D9-8A5A3149CD5E}.RelWithDebInfo|Win32.Build.0 = RelWithDebInfo|Win32
		{44C40391-307E-384C-BBFF-C90CA712C1E0}.Debug|Win32.ActiveCfg = Debug|Win32
		{44C40391-307E-384C-BBFF-C90CA712C1E0}.Debug|Win32.Build.0 = Debug|Win32
		{44C40391-307E-384C-BBFF-C90CA712C1E0}.Release|Win32.ActiveCfg = Release|Win32
		{44C40391-307E-384C-BBFF-C90CA712C1E0}.Release|Win32.Build.0 = Release|Win32
		{44C40391-307E-384C-BBFF-C90CA712C1E0}.MinSizeRel|Win32.ActiveCfg = MinSizeRel|Win32
		{44C40391-307E-384C-BBFF-C90CA712C1E0}.MinSizeRel|Win32.Build.0 = MinSizeRel|Win32
		{44C40391-307E-384C-BBFF-C90CA712C1E0}.RelWithDebInfo|Win32.ActiveCfg = RelWithDebInfo|Win32
		{44C40391-307E-384C-BBFF-C90CA712C1E0}.RelWithDebInfo|Win32.Build.0 = RelWithDebInfo|Win32
		{C4C57D87-EF13-39DA-8A8C-7D4575FC2A40}.Debug|Win32.ActiveCfg = Debug|Win32
		{C4C57D87-EF13-39DA-8A8C-7D4575FC2A40}.Debug|Win32.Build.0 = Debug|Win32
		{C4C57D87-EF13-39DA-8A8C-7D4575FC2A40}.Release|Win32.ActiveCfg = Release|Win32
		{C4C57D87-EF13-39DA-8A8C-7D4575FC2A40}.Release|Win32.Build.0 = Release|Win32
		{C4C57D87-EF13-39DA-8A8C-7D4575FC2A40}.MinSizeRel|Win32.ActiveCfg = MinSizeRel|Win32
		{C4C57D87-EF13-39DA-8A8C-7D4575FC2A40}.MinSizeRel|Win32.Build.0 = MinSizeRel|Win32
		{C4C57D87-EF13-39DA-8A8C-7D4575FC2A40}.RelWithDebInfo|Win32.ActiveCfg = RelWithDebInfo|Win32
		{C4C57D87-EF13-39DA-8A8C-7D4575FC2A40}.RelWithDebInfo|Win32.Build.0 = RelWithDebInfo|Win32
		{F04F8385-6C9C-361E-819A-4B09324316A2}.Debug|Win32.ActiveCfg = Debug|Win32
		{F04F8385-6C9C-361E-819A-4B09324316A2}.Debug|Win32.Build.0 = Debug|Win32
		{F04F8385-6C9C-361E-819A-4B09324316A2}.Release|Win32.ActiveCfg = Release|Win32
		{F04F8385-6C9C-361E-819A-4B09324316A2}.Release|Win32.Build.0 = Release|Win32
		{F04F8385-6C9C-361E-819A-4B09324316A2}.MinSizeRel|Win32.ActiveCfg = MinSizeRel|Win32
		{F04F8385-6C9C-361E-819A-4B09324316A2}.MinSizeRel|Win32.Build.0 = MinSizeRel|Win32
		{F04F8385-6C9C-361E-819A-4B09324316A2}.RelWithDebInfo|Win32.ActiveCfg = RelWithDebInfo|Win32
		{F04F8385-6C9C-361E-819A-4B09324316A2}.RelWithDebInfo|Win32.Build.0 = RelWithDebInfo|Win32
		{84926EC7-ECF0-3227-B119-3AC9C86935A9}.Debug|Win32.ActiveCfg = Debug|Win32
		{84926EC7-ECF0-3227-B119-3AC9C86935A9}.Debug|Win32.Build.0 = Debug|Win32
		{84926EC7-ECF0-3227-B119-3AC9C86935A9}.Release|Win32.ActiveCfg = Release|Win32
		{84926EC7-ECF0-3227-B119-3AC9C86935A9}.Release|Win32.Build.0 = Release|Win32
		{84926EC7-ECF0-3227-B119-3AC9C86935A9}.MinSizeRel|Win32.ActiveCfg = MinSizeRel|Win32
		{84926EC7-ECF0-3227-B119-3AC9C86935A9}.MinSizeRel|Win32.Build.0 = MinSizeRel|Win32
		{84926EC7-ECF0-3227-B119-3AC9C86935A9}.RelWithDebInfo|Win32.ActiveCfg = RelWithDebInfo|Win32
		{84926EC7-ECF0-3227-B119-3AC9C86935A9}.RelWithDebInfo|Win32.Build.0 = RelWithDebInfo|Win32
		{32466A2E-2BA3-3936-A2DC-ABC4C5035DF8}.Debug|Win32.ActiveCfg = Debug|Win32
		{32466A2E-2BA3-3936-A2DC-ABC4C5035DF8}.Debug|Win32.Build.0 = Debug|Win32
		{32466A2E-2BA3-3936-A2DC-ABC4C5035DF8}.Release|Win32.ActiveCfg = Release|Win32
		{32466A2E-2BA3-3936-A2DC-ABC4C5035DF8}.Release|Win32.Build.0 = Release|Win32
		{32466A2E-2BA3-3936-A2DC-ABC4C5035DF8}.MinSizeRel|Win32.ActiveCfg = MinSizeRel|Win32
		{32466A2E-2BA3-3936-A2DC-ABC4C5035DF8}.MinSizeRel|Win32.Build.0 = MinSizeRel|Win32
		{32466A2E-2BA3-3936-A2DC-ABC4C5035DF8}.RelWithDebInfo|Win32.ActiveCfg = RelWithDebInfo|Win32
		{32466A2E-2BA3-3936-A2DC-ABC4C5035DF8}.RelWithDebInfo|Win32.Build.0 = RelWithDebInfo|Win32
		{A48E6CF4-26FF-399D-8D46-58EAA8BF6D18}.Debug|Win32.ActiveCfg = Debug|Win32
		{A48E6CF4-26FF-399D-8D46-58EAA8BF6D18}.Debug|Win32.Build.0 = Debug|Win32
		{A48E6CF4-26FF-399D-8D46-58EAA8BF6D18}.Release|Win32.ActiveCfg = Release|Win32
		{A48E6CF4-26FF-399D-8D46-58EAA8BF6D18}.Release|Win32.Build.0 = Release|Win32
		{A48E6CF4-26FF-399D-8D46-58EAA8BF6D18}.MinSizeRel|Win32.ActiveCfg = MinSizeRel|Win32
		{A48E6CF4-26FF-399D-8D46-58EAA8BF6D18}.MinSizeRel|Win32.Build.0 = MinSizeRel|Win32
		{A48E6CF4-26FF-399D-8D46-58EAA8BF6D18}.RelWithDebInfo|Win32.ActiveCfg = RelWithDebInfo|Win32
		{A48E6CF4-26FF-399D-8D46-58EAA8BF6D18}.RelWithDebInfo|Win32.Build.0 = RelWithDebInfo|Win32
		{2F49A37B-E3CD-3DAF-8868-02EAE70AD806}.Debug|Win32.ActiveCfg = Debug|Win32
		{2F49A37B-E3CD-3DAF-8868-02EAE70AD806}.Debug|Win32.Build.0 = Debug|Win32
		{2F49A37B-E3CD-3DAF-8868-02EAE70AD806}.Release|Win32.ActiveCfg = Release|Win32
		{2F49A37B-E3CD-3DAF-8868-02EAE70AD806}.Release|Win32.Build.0 = Release|Win32
		{2F49A37B-E3CD-3DAF-8868-02EAE70AD806}.MinSizeRel|Win32.ActiveCfg = MinSizeRel|Win32
		{2F49A37B-E3CD-3DAF-8868-02EAE70AD806}.MinSizeRel|Win32.Build.0 = MinSizeRel|Win32
		{2F49A37B-E3CD-3DAF-8868-02EAE70AD806}.RelWithDebInfo|Win32.ActiveCfg = RelWithDebInfo|Win32
		{2F49A37B-E3CD-3DAF-8868-02EAE70AD806}.RelWithDebInfo|Win32.Build.0 = RelWithDebInfo|Win32
	EndGlobalSection
	GlobalSection(NestedProjects) = preSolution
		{49004DC9-5590-3439-86FB-5064F574C4E5} = {C6BE0279-CE29-37E4-A61B-478CAE6EFFC1}
		{CDAF1C39-080E-31E1-BBE9-347C447A81D2} = {C6BE0279-CE29-37E4-A61B-478CAE6EFFC1}
		{C67D663F-134D-308F-96A7-5AE2D1DA3A79} = {DECBCFC9-1F5B-368F-8A33-5F883573B802}
		{B0310766-795A-3B32-AB35-E2C9D0A71790} = {DECBCFC9-1F5B-368F-8A33-5F883573B802}
		{61426B5F-737A-32DD-83F5-4B6C13E2C879} = {DECBCFC9-1F5B-368F-8A33-5F883573B802}
		{CC287970-AAE3-3815-8F62-A36B1C45FD78} = {DECBCFC9-1F5B-368F-8A33-5F883573B802}
		{F8683557-B69A-34EB-A5D9-8A5A3149CD5E} = {DECBCFC9-1F5B-368F-8A33-5F883573B802}
		{44C40391-307E-384C-BBFF-C90CA712C1E0} = {DECBCFC9-1F5B-368F-8A33-5F883573B802}
		{C4C57D87-EF13-39DA-8A8C-7D4575FC2A40} = {DECBCFC9-1F5B-368F-8A33-5F883573B802}
		{F04F8385-6C9C-361E-819A-4B09324316A2} = {DECBCFC9-1F5B-368F-8A33-5F883573B802}
		{84926EC7-ECF0-3227-B119-3AC9C86935A9} = {DECBCFC9-1F5B-368F-8A33-5F883573B802}
		{32466A2E-2BA3-3936-A2DC-ABC4C5035DF8} = {DECBCFC9-1F5B-368F-8A33-5F883573B802}
		{A48E6CF4-26FF-399D-8D46-58EAA8BF6D18} = {DECBCFC9-1F5B-368F-8A33-5F883573B802}
		{FE3EC042-9F99-30D6-9A9E-6DAE4CE78EBB} = {5E006FEA-0DBF-328A-95AD-9E7D26DF9F41}
		{07A9079D-2452-3DA0-A1F3-0188269E5AE0} = {C6BB6732-D205-3CD5-A210-5AAE63506FE6}
	EndGlobalSection
	GlobalSection(ExtensibilityGlobals) = postSolution
		SolutionGuid = {EADE46A6-1183-3595-84F4-22BC5FF08DE3}
	EndGlobalSection
	GlobalSection(ExtensibilityAddIns) = postSolution
	EndGlobalSection
EndGlobal
