<?xml version="1.0" encoding="utf-8"?>
<Project ToolsVersion="17.0" xmlns="http://schemas.microsoft.com/developer/msbuild/2003">
  <ItemGroup>
    <CustomBuild Include="C:\pj\scroller\proj.win32\CMakeFiles\ca59ebf7084e734c97a0b5dca6a5ddea\generate.stamp.rule">
      <Filter>CMake Rules</Filter>
    </CustomBuild>
  </ItemGroup>
  <ItemGroup>
    <Filter Include="CMake Rules">
      <UniqueIdentifier>{FAE6800A-7F3A-304B-B764-2BE8C0AC42BC}</UniqueIdentifier>
    </Filter>
  </ItemGroup>
</Project>
